// !$*UTF8*$!
{
	archiveVersion = 1;
	classes = {
	};
	objectVersion = 46;
	objects = {

/* Begin PBXBuildFile section */
		99D5D8F61F265B3000118A83 /* AppDelegate.swift in Sources */ = {isa = PBXBuildFile; fileRef = 99D5D8F51F265B3000118A83 /* AppDelegate.swift */; };
		99D5D8F81F265B3000118A83 /* ViewController.swift in Sources */ = {isa = PBXBuildFile; fileRef = 99D5D8F71F265B3000118A83 /* ViewController.swift */; };
		99D5D8FB1F265B3000118A83 /* Main.storyboard in Resources */ = {isa = PBXBuildFile; fileRef = 99D5D8F91F265B3000118A83 /* Main.storyboard */; };
		99D5D8FD1F265B3000118A83 /* Assets.xcassets in Resources */ = {isa = PBXBuildFile; fileRef = 99D5D8FC1F265B3000118A83 /* Assets.xcassets */; };
		99D5D9001F265B3000118A83 /* LaunchScreen.storyboard in Resources */ = {isa = PBXBuildFile; fileRef = 99D5D8FE1F265B3000118A83 /* LaunchScreen.storyboard */; };
		99D5D9081F265B4300118A83 /* AsynOperation.swift in Sources */ = {isa = PBXBuildFile; fileRef = 99D5D9071F265B4300118A83 /* AsynOperation.swift */; };
/* End PBXBuildFile section */

/* Begin PBXFileReference section */
		99D5D8F21F265B3000118A83 /* OperationSample.app */ = {isa = PBXFileReference; explicitFileType = wrapper.application; includeInIndex = 0; path = OperationSample.app; sourceTree = BUILT_PRODUCTS_DIR; };
		99D5D8F51F265B3000118A83 /* AppDelegate.swift */ = {isa = PBXFileReference; lastKnownFileType = sourcecode.swift; path = AppDelegate.swift; sourceTree = "<group>"; };
		99D5D8F71F265B3000118A83 /* ViewController.swift */ = {isa = PBXFileReference; lastKnownFileType = sourcecode.swift; path = ViewController.swift; sourceTree = "<group>"; };
		99D5D8FA1F265B3000118A83 /* Base */ = {isa = PBXFileReference; lastKnownFileType = file.storyboard; name = Base; path = Base.lproj/Main.storyboard; sourceTree = "<group>"; };
		99D5D8FC1F265B3000118A83 /* Assets.xcassets */ = {isa = PBXFileReference; lastKnownFileType = folder.assetcatalog; path = Assets.xcassets; sourceTree = "<group>"; };
		99D5D8FF1F265B3000118A83 /* Base */ = {isa = PBXFileReference; lastKnownFileType = file.storyboard; name = Base; path = Base.lproj/LaunchScreen.storyboard; sourceTree = "<group>"; };
		99D5D9011F265B3000118A83 /* Info.plist */ = {isa = PBXFileReference; lastKnownFileType = text.plist.xml; path = Info.plist; sourceTree = "<group>"; };
		99D5D9071F265B4300118A83 /* AsynOperation.swift */ = {isa = PBXFileReference; fileEncoding = 4; lastKnownFileType = sourcecode.swift; name = AsynOperation.swift; path = ../AsynOperation.swift; sourceTree = "<group>"; };
/* End PBXFileReference section */

/* Begin PBXFrameworksBuildPhase section */
		99D5D8EF1F265B3000118A83 /* Frameworks */ = {
			isa = PBXFrameworksBuildPhase;
			buildActionMask = 2147483647;
			files = (
			);
			runOnlyForDeploymentPostprocessing = 0;
		};
/* End PBXFrameworksBuildPhase section */

/* Begin PBXGroup section */
		99D5D8E91F265B3000118A83 = {
			isa = PBXGroup;
			children = (
				99D5D8F41F265B3000118A83 /* OperationSample */,
				99D5D8F31F265B3000118A83 /* Products */,
			);
			sourceTree = "<group>";
		};
		99D5D8F31F265B3000118A83 /* Products */ = {
			isa = PBXGroup;
			children = (
				99D5D8F21F265B3000118A83 /* OperationSample.app */,
			);
			name = Products;
			sourceTree = "<group>";
		};
		99D5D8F41F265B3000118A83 /* OperationSample */ = {
			isa = PBXGroup;
			children = (
				99D5D9071F265B4300118A83 /* AsynOperation.swift */,
				99D5D8F51F265B3000118A83 /* AppDelegate.swift */,
				99D5D8F71F265B3000118A83 /* ViewController.swift */,
				99D5D8F91F265B3000118A83 /* Main.storyboard */,
				99D5D8FC1F265B3000118A83 /* Assets.xcassets */,
				99D5D8FE1F265B3000118A83 /* LaunchScreen.storyboard */,
				99D5D9011F265B3000118A83 /* Info.plist */,
			);
			path = OperationSample;
			sourceTree = "<group>";
		};
/* End PBXGroup section */

/* Begin PBXNativeTarget section */
		99D5D8F11F265B3000118A83 /* OperationSample */ = {
			isa = PBXNativeTarget;
			buildConfigurationList = 99D5D9041F265B3000118A83 /* Build configuration list for PBXNativeTarget "OperationSample" */;
			buildPhases = (
				99D5D8EE1F265B3000118A83 /* Sources */,
				99D5D8EF1F265B3000118A83 /* Frameworks */,
				99D5D8F01F265B3000118A83 /* Resources */,
			);
			buildRules = (
			);
			dependencies = (
			);
			name = OperationSample;
			productName = OperationSample;
			productReference = 99D5D8F21F265B3000118A83 /* OperationSample.app */;
			productType = "com.apple.product-type.application";
		};
/* End PBXNativeTarget section */

/* Begin PBXProject section */
		99D5D8EA1F265B3000118A83 /* Project object */ = {
			isa = PBXProject;
			attributes = {
				LastSwiftUpdateCheck = 0830;
				LastUpgradeCheck = 0830;
				ORGANIZATIONNAME = "Dehelean Andrei";
				TargetAttributes = {
					99D5D8F11F265B3000118A83 = {
						CreatedOnToolsVersion = 8.3.3;
						ProvisioningStyle = Automatic;
					};
				};
			};
			buildConfigurationList = 99D5D8ED1F265B3000118A83 /* Build configuration list for PBXProject "OperationSample" */;
			compatibilityVersion = "Xcode 3.2";
			developmentRegion = English;
			hasScannedForEncodings = 0;
			knownRegions = (
				en,
				Base,
			);
			mainGroup = 99D5D8E91F265B3000118A83;
			productRefGroup = 99D5D8F31F265B3000118A83 /* Products */;
			projectDirPath = "";
			projectRoot = "";
			targets = (
				99D5D8F11F265B3000118A83 /* OperationSample */,
			);
		};
/* End PBXProject section */

/* Begin PBXResourcesBuildPhase section */
		99D5D8F01F265B3000118A83 /* Resources */ = {
			isa = PBXResourcesBuildPhase;
			buildActionMask = 2147483647;
			files = (
				99D5D9001F265B3000118A83 /* LaunchScreen.storyboard in Resources */,
				99D5D8FD1F265B3000118A83 /* Assets.xcassets in Resources */,
				99D5D8FB1F265B3000118A83 /* Main.storyboard in Resources */,
			);
			runOnlyForDeploymentPostprocessing = 0;
		};
/* End PBXResourcesBuildPhase section */

/* Begin PBXSourcesBuildPhase section */
		99D5D8EE1F265B3000118A83 /* Sources */ = {
			isa = PBXSourcesBuildPhase;
			buildActionMask = 2147483647;
			files = (
				99D5D9081F265B4300118A83 /* AsynOperation.swift in Sources */,
				99D5D8F81F265B3000118A83 /* ViewController.swift in Sources */,
				99D5D8F61F265B3000118A83 /* AppDelegate.swift in Sources */,
			);
			runOnlyForDeploymentPostprocessing = 0;
		};
/* End PBXSourcesBuildPhase section */

/* Begin PBXVariantGroup section */
		99D5D8F91F265B3000118A83 /* Main.storyboard */ = {
			isa = PBXVariantGroup;
			children = (
				99D5D8FA1F265B3000118A83 /* Base */,
			);
			name = Main.storyboard;
			sourceTree = "<group>";
		};
		99D5D8FE1F265B3000118A83 /* LaunchScreen.storyboard */ = {
			isa = PBXVariantGroup;
			children = (
				99D5D8FF1F265B3000118A83 /* Base */,
			);
			name = LaunchScreen.storyboard;
			sourceTree = "<group>";
		};
/* End PBXVariantGroup section */

/* Begin XCBuildConfiguration section */
		99D5D9021F265B3000118A83 /* Debug */ = {
			isa = XCBuildConfiguration;
			buildSettings = {
				ALWAYS_SEARCH_USER_PATHS = NO;
				CLANG_ANALYZER_NONNULL = YES;
				CLANG_ANALYZER_NUMBER_OBJECT_CONVERSION = YES_AGGRESSIVE;
				CLANG_CXX_LANGUAGE_STANDARD = "gnu++0x";
				CLANG_CXX_LIBRARY = "libc++";
				CLANG_ENABLE_MODULES = YES;
				CLANG_ENABLE_OBJC_ARC = YES;
				CLANG_WARN_BOOL_CONVERSION = YES;
				CLANG_WARN_CONSTANT_CONVERSION = YES;
				CLANG_WARN_DIRECT_OBJC_ISA_USAGE = YES_ERROR;
				CLANG_WARN_DOCUMENTATION_COMMENTS = YES;
				CLANG_WARN_EMPTY_BODY = YES;
				CLANG_WARN_ENUM_CONVERSION = YES;
				CLANG_WARN_INFINITE_RECURSION = YES;
				CLANG_WARN_INT_CONVERSION = YES;
				CLANG_WARN_OBJC_ROOT_CLASS = YES_ERROR;
				CLANG_WARN_SUSPICIOUS_MOVE = YES;
				CLANG_WARN_UNREACHABLE_CODE = YES;
				CLANG_WARN__DUPLICATE_METHOD_MATCH = YES;
				"CODE_SIGN_IDENTITY[sdk=iphoneos*]" = "iPhone Developer";
				COPY_PHASE_STRIP = NO;
				DEBUG_INFORMATION_FORMAT = dwarf;
				ENABLE_STRICT_OBJC_MSGSEND = YES;
				ENABLE_TESTABILITY = YES;
				GCC_C_LANGUAGE_STANDARD = gnu99;
				GCC_DYNAMIC_NO_PIC = NO;
				GCC_NO_COMMON_BLOCKS = YES;
				GCC_OPTIMIZATION_LEVEL = 0;
				GCC_PREPROCESSOR_DEFINITIONS = (
					"DEBUG=1",
					"$(inherited)",
				);
				GCC_WARN_64_TO_32_BIT_CONVERSION = YES;
				GCC_WARN_ABOUT_RETURN_TYPE = YES_ERROR;
				GCC_WARN_UNDECLARED_SELECTOR = YES;
				GCC_WARN_UNINITIALIZED_AUTOS = YES_AGGRESSIVE;
				GCC_WARN_UNUSED_FUNCTION = YES;
				GCC_WARN_UNUSED_VARIABLE = YES;
				IPHONEOS_DEPLOYMENT_TARGET = 10.3;
				MTL_ENABLE_DEBUG_INFO = YES;
				ONLY_ACTIVE_ARCH = YES;
				SDKROOT = iphoneos;
				SWIFT_ACTIVE_COMPILATION_CONDITIONS = DEBUG;
				SWIFT_OPTIMIZATION_LEVEL = "-Onone";
			};
			name = Debug;
		};
		99D5D9031F265B3000118A83 /* Release */ = {
			isa = XCBuildConfiguration;
			buildSettings = {
				ALWAYS_SEARCH_USER_PATHS = NO;
				CLANG_ANALYZER_NONNULL = YES;
				CLANG_ANALYZER_NUMBER_OBJECT_CONVERSION = YES_AGGRESSIVE;
				CLANG_CXX_LANGUAGE_STANDARD = "gnu++0x";
				CLANG_CXX_LIBRARY = "libc++";
				CLANG_ENABLE_MODULES = YES;
				CLANG_ENABLE_OBJC_ARC = YES;
				CLANG_WARN_BOOL_CONVERSION = YES;
				CLANG_WARN_CONSTANT_CONVERSION = YES;
				CLANG_WARN_DIRECT_OBJC_ISA_USAGE = YES_ERROR;
				CLANG_WARN_DOCUMENTATION_COMMENTS = YES;
				CLANG_WARN_EMPTY_BODY = YES;
				CLANG_WARN_ENUM_CONVERSION = YES;
				CLANG_WARN_INFINITE_RECURSION = YES;
				CLANG_WARN_INT_CONVERSION = YES;
				CLANG_WARN_OBJC_ROOT_CLASS = YES_ERROR;
				CLANG_WARN_SUSPICIOUS_MOVE = YES;
				CLANG_WARN_UNREACHABLE_CODE = YES;
				CLANG_WARN__DUPLICATE_METHOD_MATCH = YES;
				"CODE_SIGN_IDENTITY[sdk=iphoneos*]" = "iPhone Developer";
				COPY_PHASE_STRIP = NO;
				DEBUG_INFORMATION_FORMAT = "dwarf-with-dsym";
				ENABLE_NS_ASSERTIONS = NO;
				ENABLE_STRICT_OBJC_MSGSEND = YES;
				GCC_C_LANGUAGE_STANDARD = gnu99;
				GCC_NO_COMMON_BLOCKS = YES;
				GCC_WARN_64_TO_32_BIT_CONVERSION = YES;
				GCC_WARN_ABOUT_RETURN_TYPE = YES_ERROR;
				GCC_WARN_UNDECLARED_SELECTOR = YES;
				GCC_WARN_UNINITIALIZED_AUTOS = YES_AGGRESSIVE;
				GCC_WARN_UNUSED_FUNCTION = YES;
				GCC_WARN_UNUSED_VARIABLE = YES;
				IPHONEOS_DEPLOYMENT_TARGET = 10.3;
				MTL_ENABLE_DEBUG_INFO = NO;
				SDKROOT = iphoneos;
				SWIFT_OPTIMIZATION_LEVEL = "-Owholemodule";
				VALIDATE_PRODUCT = YES;
			};
			name = Release;
		};
		99D5D9051F265B3000118A83 /* Debug */ = {
			isa = XCBuildConfiguration;
			buildSettings = {
				ASSETCATALOG_COMPILER_APPICON_NAME = AppIcon;
				INFOPLIST_FILE = OperationSample/Info.plist;
				LD_RUNPATH_SEARCH_PATHS = "$(inherited) @executable_path/Frameworks";
				PRODUCT_BUNDLE_IDENTIFIER = andid.OperationSample;
				PRODUCT_NAME = "$(TARGET_NAME)";
				SWIFT_VERSION = 3.0;
			};
			name = Debug;
		};
		99D5D9061F265B3000118A83 /* Release */ = {
			isa = XCBuildConfiguration;
			buildSettings = {
				ASSETCATALOG_COMPILER_APPICON_NAME = AppIcon;
				INFOPLIST_FILE = OperationSample/Info.plist;
				LD_RUNPATH_SEARCH_PATHS = "$(inherited) @executable_path/Frameworks";
				PRODUCT_BUNDLE_IDENTIFIER = andid.OperationSample;
				PRODUCT_NAME = "$(TARGET_NAME)";
				SWIFT_VERSION = 3.0;
			};
			name = Release;
		};
/* End XCBuildConfiguration section */

/* Begin XCConfigurationList section */
		99D5D8ED1F265B3000118A83 /* Build configuration list for PBXProject "OperationSample" */ = {
			isa = XCConfigurationList;
			buildConfigurations = (
				99D5D9021F265B3000118A83 /* Debug */,
				99D5D9031F265B3000118A83 /* Release */,
			);
			defaultConfigurationIsVisible = 0;
			defaultConfigurationName = Release;
		};
		99D5D9041F265B3000118A83 /* Build configuration list for PBXNativeTarget "OperationSample" */ = {
			isa = XCConfigurationList;
			buildConfigurations = (
				99D5D9051F265B3000118A83 /* Debug */,
				99D5D9061F265B3000118A83 /* Release */,
			);
			defaultConfigurationIsVisible = 0;
		};
/* End XCConfigurationList section */
	};
	rootObject = 99D5D8EA1F265B3000118A83 /* Project object */;
}
